
Microsoft Visual Studio Solution File, Format Version 12.00
# Visual Studio Version 17
VisualStudioVersion = 17.9.34701.34
MinimumVisualStudioVersion = 10.0.40219.1
Project("{9A19103F-16F7-4668-BE54-9A1E7A4F7556}") = "CodedThought.Core.Data.MySql", "CodedThought.Core.Data.MySql.csproj", "{D8A82CF8-E2D6-4876-8240-AE8DCED51279}"
EndProject
Project("{9A19103F-16F7-4668-BE54-9A1E7A4F7556}") = "CodedThought.Core.Configuration", "..\CodedThought.Core\CodedThought.Core.Configuration\CodedThought.Core.Configuration.csproj", "{F706919B-A909-484A-A8AE-37A41C08056B}"
EndProject
Project("{9A19103F-16F7-4668-BE54-9A1E7A4F7556}") = "CodedThought.Core", "..\CodedThought.Core\CodedThought.Core\CodedThought.Core.csproj", "{BF5426FE-3A32-4372-A00B-C5784B1E09EB}"
EndProject
Global
	GlobalSection(SolutionConfigurationPlatforms) = preSolution
		Debug|Any CPU = Debug|Any CPU
		Release|Any CPU = Release|Any CPU
	EndGlobalSection
	GlobalSection(ProjectConfigurationPlatforms) = postSolution
		{D8A82CF8-E2D6-4876-8240-AE8DCED51279}.Debug|Any CPU.ActiveCfg = Debug|Any CPU
		{D8A82CF8-E2D6-4876-8240-AE8DCED51279}.Debug|Any CPU.Build.0 = Debug|Any CPU
		{D8A82CF8-E2D6-4876-8240-AE8DCED51279}.Release|Any CPU.ActiveCfg = Release|Any CPU
		{D8A82CF8-E2D6-4876-8240-AE8DCED51279}.Release|Any CPU.Build.0 = Release|Any CPU
		{F706919B-A909-484A-A8AE-37A41C08056B}.Debug|Any CPU.ActiveCfg = Debug|Any CPU
		{F706919B-A909-484A-A8AE-37A41C08056B}.Debug|Any CPU.Build.0 = Debug|Any CPU
		{F706919B-A909-484A-A8AE-37A41C08056B}.Release|Any CPU.ActiveCfg = Release|Any CPU
		{F706919B-A909-484A-A8AE-37A41C08056B}.Release|Any CPU.Build.0 = Release|Any CPU
		{BF5426FE-3A32-4372-A00B-C5784B1E09EB}.Debug|Any CPU.ActiveCfg = Debug|Any CPU
		{BF5426FE-3A32-4372-A00B-C5784B1E09EB}.Debug|Any CPU.Build.0 = Debug|Any CPU
		{BF5426FE-3A32-4372-A00B-C5784B1E09EB}.Release|Any CPU.ActiveCfg = Release|Any CPU
		{BF5426FE-3A32-4372-A00B-C5784B1E09EB}.Release|Any CPU.Build.0 = Release|Any CPU
	EndGlobalSection
	GlobalSection(SolutionProperties) = preSolution
		HideSolutionNode = FALSE
	EndGlobalSection
	GlobalSection(ExtensibilityGlobals) = postSolution
		SolutionGuid = {953B8FE1-9162-42C9-A6F6-B8AC488A734C}
	EndGlobalSection
EndGlobal
